{
  "name": "pizza-luvrs",
  "version": "1.0.0",
  "lockfileVersion": 1,
  "requires": true,
  "dependencies": {
    "@types/geojson": {
      "version": "1.0.6",
      "resolved": "https://registry.npmjs.org/@types/geojson/-/geojson-1.0.6.tgz",
      "integrity": "sha512-Xqg/lIZMrUd0VRmSRbCAewtwGZiAk3mEUDvV4op1tGl+LvyPcb/MIOSxTl9z+9+J+R4/vpjiCAT4xeKzH9ji1w=="
    },
    "align-text": {
      "version": "0.1.4",
      "resolved": "https://registry.npmjs.org/align-text/-/align-text-0.1.4.tgz",
      "integrity": "sha1-DNkKVhCT810KmSVsIrcGlDP60Rc=",
      "requires": {
        "kind-of": "3.2.2",
        "longest": "1.0.1",
        "repeat-string": "1.6.1"
      }
    },
    "amdefine": {
      "version": "1.0.1",
      "resolved": "https://registry.npmjs.org/amdefine/-/amdefine-1.0.1.tgz",
      "integrity": "sha1-SlKCrBZHKek2Gbz9OtFR+BfOkfU="
    },
    "ammo": {
      "version": "2.0.4",
      "resolved": "https://registry.npmjs.org/ammo/-/ammo-2.0.4.tgz",
      "integrity": "sha1-v4CqshFpjqePY+9efxE91dnokX8=",
      "requires": {
        "boom": "5.2.0",
        "hoek": "4.2.1"
      },
      "dependencies": {
        "boom": {
          "version": "5.2.0",
          "resolved": "https://registry.npmjs.org/boom/-/boom-5.2.0.tgz",
          "integrity": "sha512-Z5BTk6ZRe4tXXQlkqftmsAUANpXmuwlsF5Oov8ThoMbQRzdGTA1ngYRW160GexgOgjsFOKJz0LYhoNi+2AMBUw==",
          "requires": {
            "hoek": "4.2.1"
          }
        }
      }
    },
    "async": {
      "version": "2.0.0-rc.6",
      "resolved": "https://registry.npmjs.org/async/-/async-2.0.0-rc.6.tgz",
      "integrity": "sha1-l4/EFV0fwwuLWPw/AgECstoC8qQ=",
      "requires": {
        "lodash": "4.12.0"
      }
    },
    "aws-sdk": {
      "version": "2.3.11",
      "resolved": "https://registry.npmjs.org/aws-sdk/-/aws-sdk-2.3.11.tgz",
      "integrity": "sha1-YjTlBCSFM1Zubuyw7TlLoYB4yWY=",
      "requires": {
        "jmespath": "0.15.0",
        "sax": "1.1.5",
        "xml2js": "0.4.15",
        "xmlbuilder": "2.6.2"
      }
    },
    "balanced-match": {
      "version": "1.0.0",
      "resolved": "https://registry.npmjs.org/balanced-match/-/balanced-match-1.0.0.tgz",
      "integrity": "sha1-ibTRmasr7kneFk6gK4nORi1xt2c="
    },
    "bcrypt-nodejs": {
      "version": "0.0.3",
      "resolved": "https://registry.npmjs.org/bcrypt-nodejs/-/bcrypt-nodejs-0.0.3.tgz",
      "integrity": "sha1-xgkX8m3CNWYVZsaBBhwwPCsohCs="
    },
    "bluebird": {
      "version": "3.5.1",
      "resolved": "https://registry.npmjs.org/bluebird/-/bluebird-3.5.1.tgz",
      "integrity": "sha512-MKiLiV+I1AA596t9w1sQJ8jkiSr5+ZKi0WKrYGUn6d1Fx+Ij4tIj+m2WMQSGczs5jZVxV339chE8iwk6F64wjA=="
    },
    "boom": {
      "version": "3.1.3",
      "resolved": "https://registry.npmjs.org/boom/-/boom-3.1.3.tgz",
      "integrity": "sha1-WNRAAYs8SYfV5cAnIMH2Hn//1bw=",
      "requires": {
        "hoek": "4.2.1"
      }
    },
    "bootflat": {
      "version": "2.0.4",
      "resolved": "https://registry.npmjs.org/bootflat/-/bootflat-2.0.4.tgz",
      "integrity": "sha1-BvQy1QEXjDKN1ADUytE3KcAqlUw="
    },
    "brace-expansion": {
      "version": "1.1.11",
      "resolved": "https://registry.npmjs.org/brace-expansion/-/brace-expansion-1.1.11.tgz",
      "integrity": "sha512-iCuPHDFgrHX7H2vEI/5xpz07zSHB00TpugqhmYtVmMO6518mCuRMoOYFldEBl0g187ufozdaHgWKcYFb61qGiA==",
      "requires": {
        "balanced-match": "1.0.0",
        "concat-map": "0.0.1"
      }
    },
    "buffer-writer": {
      "version": "1.0.1",
      "resolved": "https://registry.npmjs.org/buffer-writer/-/buffer-writer-1.0.1.tgz",
      "integrity": "sha1-Iqk2kB4wKa/NdUfrRIfOtpejvwg="
    },
    "camelcase": {
      "version": "1.2.1",
      "resolved": "https://registry.npmjs.org/camelcase/-/camelcase-1.2.1.tgz",
      "integrity": "sha1-m7UwTS4LVmmLLHWLCKPqqdqlijk=",
      "optional": true
    },
    "catbox": {
      "version": "7.1.2",
      "resolved": "https://registry.npmjs.org/catbox/-/catbox-7.1.2.tgz",
      "integrity": "sha1-RnIbHJmWdRP9e36UUXBqBe3+1a0=",
      "requires": {
        "boom": "3.1.3",
        "hoek": "4.2.1",
        "joi": "9.2.0"
      },
      "dependencies": {
        "joi": {
          "version": "9.2.0",
          "resolved": "https://registry.npmjs.org/joi/-/joi-9.2.0.tgz",
          "integrity": "sha1-M4WseQGSEwy+Iw6ALsAskhW7/to=",
          "requires": {
            "hoek": "4.2.1",
            "isemail": "2.2.1",
            "items": "2.1.1",
            "moment": "2.21.0",
            "topo": "2.0.2"
          }
        }
      }
    },
    "catbox-redis": {
      "version": "2.0.2",
      "resolved": "https://registry.npmjs.org/catbox-redis/-/catbox-redis-2.0.2.tgz",
      "integrity": "sha1-FyERb0hJSpzIc7B8bqJfp+GJirE=",
      "requires": {
        "hoek": "4.2.1",
        "redis": "2.8.0"
      }
    },
    "center-align": {
      "version": "0.1.3",
      "resolved": "https://registry.npmjs.org/center-align/-/center-align-0.1.3.tgz",
      "integrity": "sha1-qg0yYptu6XIgBBHL1EYckHvCt60=",
      "optional": true,
      "requires": {
        "align-text": "0.1.4",
        "lazy-cache": "1.0.4"
      }
    },
    "cliui": {
      "version": "2.1.0",
      "resolved": "https://registry.npmjs.org/cliui/-/cliui-2.1.0.tgz",
      "integrity": "sha1-S0dXYP+AJkx2LDoXGQMukcf+oNE=",
      "optional": true,
      "requires": {
        "center-align": "0.1.3",
        "right-align": "0.1.3",
        "wordwrap": "0.0.2"
      },
      "dependencies": {
        "wordwrap": {
          "version": "0.0.2",
          "resolved": "https://registry.npmjs.org/wordwrap/-/wordwrap-0.0.2.tgz",
          "integrity": "sha1-t5Zpu0LstAn4PVg8rVLKF+qhZD8=",
          "optional": true
        }
      }
    },
    "concat-map": {
      "version": "0.0.1",
      "resolved": "https://registry.npmjs.org/concat-map/-/concat-map-0.0.1.tgz",
      "integrity": "sha1-2Klr13/Wjfd5OnMDajug1UBdR3s="
    },
    "core-util-is": {
      "version": "1.0.2",
      "resolved": "https://registry.npmjs.org/core-util-is/-/core-util-is-1.0.2.tgz",
      "integrity": "sha1-tf1UIgqivFq1eqtxQMlAdUUDwac="
    },
    "debug": {
      "version": "2.6.9",
      "resolved": "https://registry.npmjs.org/debug/-/debug-2.6.9.tgz",
      "integrity": "sha512-bC7ElrdJaJnPbAP+1EotYvqZsb3ecl5wi6Bfi6BJTUcNowp6cvspg0jXznRTKDjm/E7AdgFBVeAPVMNcKGsHMA==",
      "requires": {
        "ms": "2.0.0"
      }
    },
    "decamelize": {
      "version": "1.2.0",
      "resolved": "https://registry.npmjs.org/decamelize/-/decamelize-1.2.0.tgz",
      "integrity": "sha1-9lNNFRSCabIDUue+4m9QH5oZEpA=",
      "optional": true
    },
    "depd": {
      "version": "1.1.2",
      "resolved": "https://registry.npmjs.org/depd/-/depd-1.1.2.tgz",
      "integrity": "sha1-m81S4UwJd2PnSbJ0xDRu0uVgtak="
    },
    "dottie": {
      "version": "1.1.1",
      "resolved": "https://registry.npmjs.org/dottie/-/dottie-1.1.1.tgz",
      "integrity": "sha1-RcKj9IvWUo7u0memmoSOqspvqmo="
    },
    "double-ended-queue": {
      "version": "2.1.0-0",
      "resolved": "https://registry.npmjs.org/double-ended-queue/-/double-ended-queue-2.1.0-0.tgz",
      "integrity": "sha1-ED01J/0xUo9AGIEwyEHv3XgmTlw="
    },
    "duplexify": {
      "version": "3.5.4",
      "resolved": "https://registry.npmjs.org/duplexify/-/duplexify-3.5.4.tgz",
      "integrity": "sha512-JzYSLYMhoVVBe8+mbHQ4KgpvHpm0DZpJuL8PY93Vyv1fW7jYJ90LoXa1di/CVbJM+TgMs91rbDapE/RNIfnJsA==",
      "requires": {
        "end-of-stream": "1.4.1",
        "inherits": "2.0.3",
        "readable-stream": "2.3.5",
        "stream-shift": "1.0.0"
      }
    },
    "end-of-stream": {
      "version": "1.4.1",
      "resolved": "https://registry.npmjs.org/end-of-stream/-/end-of-stream-1.4.1.tgz",
      "integrity": "sha512-1MkrZNvWTKCaigbn+W15elq2BB/L22nqrSY5DKlo3X6+vclJm8Bb5djXJBmEX6fS3+zCh/F4VBK5Z2KxJt4s2Q==",
      "requires": {
        "once": "1.4.0"
      }
    },
    "fast-safe-stringify": {
      "version": "1.0.9",
      "resolved": "https://registry.npmjs.org/fast-safe-stringify/-/fast-safe-stringify-1.0.9.tgz",
      "integrity": "sha1-J8kVpL491Q5QGCYZOhTdCJnbrQg="
    },
    "fs-extra": {
      "version": "0.26.7",
      "resolved": "https://registry.npmjs.org/fs-extra/-/fs-extra-0.26.7.tgz",
      "integrity": "sha1-muH92UiXeY7at20JGM9C0MMYT6k=",
      "requires": {
        "graceful-fs": "4.1.11",
        "jsonfile": "2.4.0",
        "klaw": "1.3.1",
        "path-is-absolute": "1.0.1",
        "rimraf": "2.6.2"
      }
    },
    "fs.realpath": {
      "version": "1.0.0",
      "resolved": "https://registry.npmjs.org/fs.realpath/-/fs.realpath-1.0.0.tgz",
      "integrity": "sha1-FQStJSMVjKpA20onh8sBQRmU6k8="
    },
    "generic-pool": {
      "version": "2.4.3",
      "resolved": "https://registry.npmjs.org/generic-pool/-/generic-pool-2.4.3.tgz",
      "integrity": "sha1-eAw29p360FpaBF3Te+etyhGk9v8="
    },
    "glob": {
      "version": "7.1.2",
      "resolved": "https://registry.npmjs.org/glob/-/glob-7.1.2.tgz",
      "integrity": "sha512-MJTUg1kjuLeQCJ+ccE4Vpa6kKVXkPYJ2mOCQyUuKLcLQsdrMCpBPUi8qVE6+YuaJkozeA9NusTAw3hLr8Xe5EQ==",
      "requires": {
        "fs.realpath": "1.0.0",
        "inflight": "1.0.6",
        "inherits": "2.0.3",
        "minimatch": "3.0.4",
        "once": "1.4.0",
        "path-is-absolute": "1.0.1"
      }
    },
    "good": {
      "version": "7.0.1",
      "resolved": "https://registry.npmjs.org/good/-/good-7.0.1.tgz",
      "integrity": "sha1-0hCvIabaizxNcqOIt1l8i1Ya/X0=",
      "requires": {
        "hoek": "3.0.4",
        "joi": "7.3.0",
        "oppsy": "1.0.2",
        "pumpify": "1.3.6"
      },
      "dependencies": {
        "hoek": {
          "version": "3.0.4",
          "resolved": "https://registry.npmjs.org/hoek/-/hoek-3.0.4.tgz",
          "integrity": "sha1-Jorf9mu2aVxptHiaiLHghHw/MSM="
        },
        "joi": {
          "version": "7.3.0",
          "resolved": "https://registry.npmjs.org/joi/-/joi-7.3.0.tgz",
          "integrity": "sha1-TZyfGBgwRECDZltbbNW4ymd5pek=",
          "requires": {
            "hoek": "3.0.4",
            "isemail": "2.2.1",
            "moment": "2.21.0",
            "topo": "2.0.2"
          }
        }
      }
    },
    "good-file": {
      "version": "6.0.1",
      "resolved": "https://registry.npmjs.org/good-file/-/good-file-6.0.1.tgz",
      "integrity": "sha1-pCYNIjJYXVLzBUdWst3ifeQml8s=",
      "requires": {
        "fs-extra": "0.26.7"
      }
    },
    "good-squeeze": {
      "version": "4.0.0",
      "resolved": "https://registry.npmjs.org/good-squeeze/-/good-squeeze-4.0.0.tgz",
      "integrity": "sha1-p9Mn3Pwl7ISzHztlrasyQZdw/wc=",
      "requires": {
        "fast-safe-stringify": "1.0.9",
        "hoek": "3.0.4"
      },
      "dependencies": {
        "hoek": {
          "version": "3.0.4",
          "resolved": "https://registry.npmjs.org/hoek/-/hoek-3.0.4.tgz",
          "integrity": "sha1-Jorf9mu2aVxptHiaiLHghHw/MSM="
        }
      }
    },
    "graceful-fs": {
      "version": "4.1.11",
      "resolved": "https://registry.npmjs.org/graceful-fs/-/graceful-fs-4.1.11.tgz",
      "integrity": "sha1-Dovf5NHduIVNZOBOp8AOKgJuVlg="
    },
    "handlebars": {
      "version": "4.0.5",
      "resolved": "https://registry.npmjs.org/handlebars/-/handlebars-4.0.5.tgz",
      "integrity": "sha1-ksbta7FkEQxQ1NjQ+93HCAbG+Oc=",
      "requires": {
        "async": "1.5.2",
        "optimist": "0.6.1",
        "source-map": "0.4.4",
        "uglify-js": "2.8.29"
      },
      "dependencies": {
        "async": {
          "version": "1.5.2",
          "resolved": "https://registry.npmjs.org/async/-/async-1.5.2.tgz",
          "integrity": "sha1-7GphrlZIDAw8skHJVhjiCJL5Zyo="
        }
      }
    },
    "hapi": {
      "version": "13.5.3",
      "resolved": "https://registry.npmjs.org/hapi/-/hapi-13.5.3.tgz",
      "integrity": "sha1-gYtdneXokGveaMoL0ZqTZWQTwCg=",
      "requires": {
        "accept": "2.1.1",
        "ammo": "2.0.1",
        "boom": "3.2.0",
        "call": "3.0.2",
        "catbox": "7.1.1",
        "catbox-memory": "2.0.2",
        "cryptiles": "3.0.1",
        "heavy": "4.0.1",
        "hoek": "4.0.0",
        "iron": "4.0.1",
        "items": "2.1.0",
        "joi": "8.1.0",
        "kilt": "2.0.1",
        "mimos": "3.0.1",
        "peekaboo": "2.0.1",
        "shot": "3.1.0",
        "statehood": "4.0.1",
        "subtext": "4.0.3",
        "topo": "2.0.1"
      },
      "dependencies": {
        "accept": {
          "version": "2.1.1",
          "resolved": "https://registry.npmjs.org/accept/-/accept-2.1.1.tgz",
          "integrity": "sha1-vJxvGDwBKdxy9yWIV+fMj0idD2E=",
          "requires": {
            "boom": "3.2.0",
            "hoek": "4.0.0"
          }
        },
        "ammo": {
          "version": "2.0.1",
          "resolved": "https://registry.npmjs.org/ammo/-/ammo-2.0.1.tgz",
          "integrity": "sha1-agfseOgSneLf01G6bnmDULJqMt8=",
          "requires": {
            "boom": "3.2.0",
            "hoek": "4.0.0"
          }
        },
        "boom": {
          "version": "3.2.0",
          "resolved": "https://registry.npmjs.org/boom/-/boom-3.2.0.tgz",
          "integrity": "sha1-Z92RhQy0gV4FGqXBi1eKS5o7/eg=",
          "requires": {
            "hoek": "4.0.0"
          }
        },
        "call": {
          "version": "3.0.2",
          "resolved": "https://registry.npmjs.org/call/-/call-3.0.2.tgz",
          "integrity": "sha1-y+/QTvwaB7kdxAllDrcKsuDSpx4=",
          "requires": {
            "boom": "3.2.0",
            "hoek": "4.0.0"
          }
        },
        "catbox": {
          "version": "7.1.1",
          "resolved": "https://registry.npmjs.org/catbox/-/catbox-7.1.1.tgz",
          "integrity": "sha1-KBkzXfpFs3JgubkZN+mWttCg09I=",
          "requires": {
            "boom": "3.2.0",
            "hoek": "4.0.0",
            "joi": "8.1.0"
          }
        },
        "catbox-memory": {
          "version": "2.0.2",
          "resolved": "https://registry.npmjs.org/catbox-memory/-/catbox-memory-2.0.2.tgz",
          "integrity": "sha1-XqRKtmYOUHtumE9qZW2K8sps6zs=",
          "requires": {
            "hoek": "4.0.0"
          }
        },
        "cryptiles": {
          "version": "3.0.1",
          "resolved": "https://registry.npmjs.org/cryptiles/-/cryptiles-3.0.1.tgz",
          "integrity": "sha1-4KDpAhk3Vq/Veqp2AtQ/VQczBeI=",
          "requires": {
            "boom": "3.2.0"
          }
        },
        "heavy": {
          "version": "4.0.1",
          "resolved": "https://registry.npmjs.org/heavy/-/heavy-4.0.1.tgz",
          "integrity": "sha1-UJAaFEiCU8K5VrAHKZbI9WGHA0Y=",
          "requires": {
            "boom": "3.2.0",
            "hoek": "4.0.0",
            "joi": "8.1.0"
          }
        },
        "hoek": {
          "version": "4.0.0",
          "resolved": "https://registry.npmjs.org/hoek/-/hoek-4.0.0.tgz",
          "integrity": "sha1-NCm9h9lUj9RU5PbIVCiZropB30o="
        },
        "iron": {
          "version": "4.0.1",
          "resolved": "https://registry.npmjs.org/iron/-/iron-4.0.1.tgz",
          "integrity": "sha1-yCKCABIdU89gu5BfHN3Dxb4Akys=",
          "requires": {
            "boom": "3.2.0",
            "cryptiles": "3.0.1",
            "hoek": "4.0.0"
          }
        },
        "items": {
          "version": "2.1.0",
          "resolved": "https://registry.npmjs.org/items/-/items-2.1.0.tgz",
          "integrity": "sha1-L9AdSJ5+xYYb8Q69td3KM4Q8hQ8="
        },
        "joi": {
          "version": "8.1.0",
          "resolved": "https://registry.npmjs.org/joi/-/joi-8.1.0.tgz",
          "integrity": "sha1-WhkJTM5oAJzhGDHzutOh4eCvotE=",
          "requires": {
            "hoek": "4.0.0",
            "isemail": "2.1.2",
            "moment": "2.13.0",
            "topo": "2.0.1"
          },
          "dependencies": {
            "isemail": {
              "version": "2.1.2",
              "resolved": "https://registry.npmjs.org/isemail/-/isemail-2.1.2.tgz",
              "integrity": "sha1-YkwVWmd0MRRopQN6k/G10fFmd6Q="
            },
            "moment": {
              "version": "2.13.0",
              "resolved": "https://registry.npmjs.org/moment/-/moment-2.13.0.tgz",
              "integrity": "sha1-JBYtmVIebUD5muaTnoBtITnqrFI="
            }
          }
        },
        "kilt": {
          "version": "2.0.1",
          "resolved": "https://registry.npmjs.org/kilt/-/kilt-2.0.1.tgz",
          "integrity": "sha1-bj33ed8bifSZgZ2pJS5vFc0BfzM=",
          "requires": {
            "hoek": "4.0.0"
          }
        },
        "mimos": {
          "version": "3.0.1",
          "resolved": "https://registry.npmjs.org/mimos/-/mimos-3.0.1.tgz",
          "integrity": "sha1-o/H/CaELVllHNDrDNyP1JGfWlfQ=",
          "requires": {
            "hoek": "4.0.0",
            "mime-db": "1.23.0"
          },
          "dependencies": {
            "mime-db": {
              "version": "1.23.0",
              "resolved": "https://registry.npmjs.org/mime-db/-/mime-db-1.23.0.tgz",
              "integrity": "sha1-oxtAcK2uon1zLqMzdApk0OyaZlk="
            }
          }
        },
        "peekaboo": {
          "version": "2.0.1",
          "resolved": "https://registry.npmjs.org/peekaboo/-/peekaboo-2.0.1.tgz",
          "integrity": "sha1-EQXxouquXY/p8In2/ummYCqCsus="
        },
        "shot": {
          "version": "3.1.0",
          "resolved": "https://registry.npmjs.org/shot/-/shot-3.1.0.tgz",
          "integrity": "sha1-kvOMYIWECwZNPBzZ14hC/FxPSDw="
        },
        "statehood": {
          "version": "4.0.1",
          "resolved": "https://registry.npmjs.org/statehood/-/statehood-4.0.1.tgz",
          "integrity": "sha1-hc6QUwTDCZi6zRwL93h/qKvGCVg=",
          "requires": {
            "boom": "3.2.0",
            "cryptiles": "3.0.1",
            "hoek": "4.0.0",
            "iron": "4.0.1",
            "items": "2.1.0",
            "joi": "8.1.0"
          }
        },
        "subtext": {
          "version": "4.0.3",
          "resolved": "https://registry.npmjs.org/subtext/-/subtext-4.0.3.tgz",
          "integrity": "sha1-XF2cVMxl/292f/Bzu4fsITUwhSQ=",
          "requires": {
            "boom": "3.2.0",
            "content": "3.0.1",
            "hoek": "4.0.0",
            "pez": "2.1.1",
            "wreck": "7.2.1"
          },
          "dependencies": {
            "content": {
              "version": "3.0.1",
              "resolved": "https://registry.npmjs.org/content/-/content-3.0.1.tgz",
              "integrity": "sha1-5PXwSKSw6kMiDEHADNOJWsBl8so=",
              "requires": {
                "boom": "3.2.0"
              }
            },
            "pez": {
              "version": "2.1.1",
              "resolved": "https://registry.npmjs.org/pez/-/pez-2.1.1.tgz",
              "integrity": "sha1-S1OYWcfr5v1pO5bh7UQriSxy7fI=",
              "requires": {
                "b64": "3.0.1",
                "boom": "3.2.0",
                "content": "3.0.1",
                "hoek": "4.0.0",
                "nigel": "2.0.1"
              },
              "dependencies": {
                "b64": {
                  "version": "3.0.1",
                  "resolved": "https://registry.npmjs.org/b64/-/b64-3.0.1.tgz",
                  "integrity": "sha1-F9ez+b8IG1/zGviRc55pUo1yYFo=",
                  "requires": {
                    "hoek": "4.0.0"
                  }
                },
                "nigel": {
                  "version": "2.0.1",
                  "resolved": "https://registry.npmjs.org/nigel/-/nigel-2.0.1.tgz",
                  "integrity": "sha1-ujcV/GMZsR6dYjKnPbDh3KprnBo=",
                  "requires": {
                    "hoek": "4.0.0",
                    "vise": "2.0.1"
                  },
                  "dependencies": {
                    "vise": {
                      "version": "2.0.1",
                      "resolved": "https://registry.npmjs.org/vise/-/vise-2.0.1.tgz",
                      "integrity": "sha1-RbryamPuomyvGp06bd9xaJVQh/Q=",
                      "requires": {
                        "hoek": "4.0.0"
                      }
                    }
                  }
                }
              }
            },
            "wreck": {
              "version": "7.2.1",
              "resolved": "https://registry.npmjs.org/wreck/-/wreck-7.2.1.tgz",
              "integrity": "sha1-7s0R0NkeozTWa7PsUjFUBdpokVg=",
              "requires": {
                "boom": "3.2.0",
                "hoek": "4.0.0"
              }
            }
          }
        },
        "topo": {
          "version": "2.0.1",
          "resolved": "https://registry.npmjs.org/topo/-/topo-2.0.1.tgz",
          "integrity": "sha1-yh9pqDQhjCG4JquywDNSEu3gS3U=",
          "requires": {
            "hoek": "4.0.0"
          }
        }
      }
    },
    "hapi-auth-cookie": {
      "version": "6.1.1",
      "resolved": "https://registry.npmjs.org/hapi-auth-cookie/-/hapi-auth-cookie-6.1.1.tgz",
      "integrity": "sha1-kn2znkNJFtgauHDUGB1w1T50VXI=",
      "requires": {
        "boom": "3.1.3",
        "hoek": "3.0.4",
        "joi": "7.3.0"
      },
      "dependencies": {
        "hoek": {
          "version": "3.0.4",
          "resolved": "https://registry.npmjs.org/hoek/-/hoek-3.0.4.tgz",
          "integrity": "sha1-Jorf9mu2aVxptHiaiLHghHw/MSM="
        },
        "joi": {
          "version": "7.3.0",
          "resolved": "https://registry.npmjs.org/joi/-/joi-7.3.0.tgz",
          "integrity": "sha1-TZyfGBgwRECDZltbbNW4ymd5pek=",
          "requires": {
            "hoek": "3.0.4",
            "isemail": "2.2.1",
            "moment": "2.21.0",
            "topo": "2.0.2"
          }
        }
      }
    },
    "hoek": {
      "version": "4.2.1",
      "resolved": "https://registry.npmjs.org/hoek/-/hoek-4.2.1.tgz",
      "integrity": "sha512-QLg82fGkfnJ/4iy1xZ81/9SIJiq1NGFUMGs6ParyjBZr6jW2Ufj/snDqTHixNlHdPNwN2RLVD0Pi3igeK9+JfA=="
    },
    "inert": {
      "version": "4.0.0",
      "resolved": "https://registry.npmjs.org/inert/-/inert-4.0.0.tgz",
      "integrity": "sha1-y89Co1yMacgDLjwXah03TCFC1Q4=",
      "requires": {
        "ammo": "2.0.4",
        "boom": "3.1.3",
        "hoek": "4.2.1",
        "items": "2.1.1",
        "joi": "8.1.0",
        "lru-cache": "4.0.2"
      }
    },
    "inflection": {
      "version": "1.12.0",
      "resolved": "https://registry.npmjs.org/inflection/-/inflection-1.12.0.tgz",
      "integrity": "sha1-ogCTVlbW9fa8TcdQLhrstwMihBY="
    },
    "inflight": {
      "version": "1.0.6",
      "resolved": "https://registry.npmjs.org/inflight/-/inflight-1.0.6.tgz",
      "integrity": "sha1-Sb1jMdfQLQwJvJEKEHW6gWW1bfk=",
      "requires": {
        "once": "1.4.0",
        "wrappy": "1.0.2"
      }
    },
    "inherits": {
      "version": "2.0.3",
      "resolved": "https://registry.npmjs.org/inherits/-/inherits-2.0.3.tgz",
      "integrity": "sha1-Yzwsg+PaQqUC9SRmAiSA9CCCYd4="
    },
    "is-buffer": {
      "version": "1.1.6",
      "resolved": "https://registry.npmjs.org/is-buffer/-/is-buffer-1.1.6.tgz",
      "integrity": "sha512-NcdALwpXkTm5Zvvbk7owOUSvVvBKDgKP5/ewfXEznmQFfs4ZRmanOeKBTjRVjka3QFoN6XJ+9F3USqfHqTaU5w=="
    },
    "isarray": {
      "version": "1.0.0",
      "resolved": "https://registry.npmjs.org/isarray/-/isarray-1.0.0.tgz",
      "integrity": "sha1-u5NdSFgsuhaMBoNJV6VKPgcSTxE="
    },
    "isemail": {
      "version": "2.2.1",
      "resolved": "https://registry.npmjs.org/isemail/-/isemail-2.2.1.tgz",
      "integrity": "sha1-A1PT2aYpUQgMJiwqoKQrjqjp4qY="
    },
    "items": {
      "version": "2.1.1",
      "resolved": "https://registry.npmjs.org/items/-/items-2.1.1.tgz",
      "integrity": "sha1-i9FtnIOxlSneWuoyGsqtp4NkoZg="
    },
    "jmespath": {
      "version": "0.15.0",
      "resolved": "https://registry.npmjs.org/jmespath/-/jmespath-0.15.0.tgz",
      "integrity": "sha1-o/Iiqarp+Wb10nx5ZRDigJF2Qhc="
    },
    "joi": {
      "version": "8.1.0",
      "resolved": "https://registry.npmjs.org/joi/-/joi-8.1.0.tgz",
      "integrity": "sha1-WhkJTM5oAJzhGDHzutOh4eCvotE=",
      "requires": {
        "hoek": "4.2.1",
        "isemail": "2.2.1",
        "moment": "2.21.0",
        "topo": "2.0.2"
      }
    },
    "jsonfile": {
      "version": "2.4.0",
      "resolved": "https://registry.npmjs.org/jsonfile/-/jsonfile-2.4.0.tgz",
      "integrity": "sha1-NzaitCi4e72gzIO1P6PWM6NcKug=",
      "requires": {
        "graceful-fs": "4.1.11"
      }
    },
    "kind-of": {
      "version": "3.2.2",
      "resolved": "https://registry.npmjs.org/kind-of/-/kind-of-3.2.2.tgz",
      "integrity": "sha1-MeohpzS6ubuw8yRm2JOupR5KPGQ=",
      "requires": {
        "is-buffer": "1.1.6"
      }
    },
    "klaw": {
      "version": "1.3.1",
      "resolved": "https://registry.npmjs.org/klaw/-/klaw-1.3.1.tgz",
      "integrity": "sha1-QIhDO0azsbolnXh4XY6W9zugJDk=",
      "requires": {
        "graceful-fs": "4.1.11"
      }
    },
    "lazy-cache": {
      "version": "1.0.4",
      "resolved": "https://registry.npmjs.org/lazy-cache/-/lazy-cache-1.0.4.tgz",
      "integrity": "sha1-odePw6UEdMuAhF07O24dpJpEbo4=",
      "optional": true
    },
    "lodash": {
      "version": "4.12.0",
      "resolved": "https://registry.npmjs.org/lodash/-/lodash-4.12.0.tgz",
      "integrity": "sha1-K9bcRqBA9Z5obJcu0h2T3FkFMlg="
    },
    "longest": {
      "version": "1.0.1",
      "resolved": "https://registry.npmjs.org/longest/-/longest-1.0.1.tgz",
      "integrity": "sha1-MKCy2jj3N3DoKUoNIuZiXtd9AJc="
    },
    "lru-cache": {
      "version": "4.0.2",
      "resolved": "https://registry.npmjs.org/lru-cache/-/lru-cache-4.0.2.tgz",
      "integrity": "sha1-HRdnnAac2l0ECZGgnbwsDbN35V4=",
      "requires": {
        "pseudomap": "1.0.2",
        "yallist": "2.1.2"
      }
    },
    "minimatch": {
      "version": "3.0.4",
      "resolved": "https://registry.npmjs.org/minimatch/-/minimatch-3.0.4.tgz",
      "integrity": "sha512-yJHVQEhyqPLUTgt9B83PXu6W3rx4MvvHvSUvToogpwoGDOUQ+yDrR0HRot+yOCdCO7u4hX3pWft6kWBBcqh0UA==",
      "requires": {
        "brace-expansion": "1.1.11"
      }
    },
    "minimist": {
      "version": "0.0.10",
      "resolved": "https://registry.npmjs.org/minimist/-/minimist-0.0.10.tgz",
      "integrity": "sha1-3j+YVD2/lggr5IrRoMfNqDYwHc8="
    },
    "moment": {
      "version": "2.21.0",
      "resolved": "https://registry.npmjs.org/moment/-/moment-2.21.0.tgz",
      "integrity": "sha512-TCZ36BjURTeFTM/CwRcViQlfkMvL1/vFISuNLO5GkcVm1+QHfbSiNqZuWeMFjj1/3+uAjXswgRk30j1kkLYJBQ=="
    },
    "moment-timezone": {
      "version": "0.5.14",
      "resolved": "https://registry.npmjs.org/moment-timezone/-/moment-timezone-0.5.14.tgz",
      "integrity": "sha1-TrOP+VOLgBCLpGekWPPtQmjM/LE=",
      "requires": {
        "moment": "2.21.0"
      }
    },
    "ms": {
      "version": "2.0.0",
      "resolved": "https://registry.npmjs.org/ms/-/ms-2.0.0.tgz",
      "integrity": "sha1-VgiurfwAvmwpAd9fmGF4jeDVl8g="
    },
    "node-uuid": {
      "version": "1.4.8",
      "resolved": "https://registry.npmjs.org/node-uuid/-/node-uuid-1.4.8.tgz",
      "integrity": "sha1-sEDrCSOWivq/jTL7HxfxFn/auQc="
    },
    "object-assign": {
      "version": "4.1.0",
      "resolved": "https://registry.npmjs.org/object-assign/-/object-assign-4.1.0.tgz",
      "integrity": "sha1-ejs9DpgGPUP0wD8uiubNUahog6A="
    },
    "once": {
      "version": "1.4.0",
      "resolved": "https://registry.npmjs.org/once/-/once-1.4.0.tgz",
      "integrity": "sha1-WDsap3WWHUsROsF9nFC6753Xa9E=",
      "requires": {
        "wrappy": "1.0.2"
      }
    },
    "oppsy": {
      "version": "1.0.2",
      "resolved": "https://registry.npmjs.org/oppsy/-/oppsy-1.0.2.tgz",
      "integrity": "sha1-mAFM1pZ2U6g8//pVQibckAULqtQ=",
      "requires": {
        "hoek": "4.2.1",
        "items": "2.1.1"
      }
    },
    "optimist": {
      "version": "0.6.1",
      "resolved": "https://registry.npmjs.org/optimist/-/optimist-0.6.1.tgz",
      "integrity": "sha1-2j6nRob6IaGaERwybpDrFaAZZoY=",
      "requires": {
        "minimist": "0.0.10",
        "wordwrap": "0.0.3"
      }
    },
    "packet-reader": {
      "version": "0.2.0",
      "resolved": "https://registry.npmjs.org/packet-reader/-/packet-reader-0.2.0.tgz",
      "integrity": "sha1-gZ300BC4LV6lZx+KGjrPA5vNdwA="
    },
    "path-is-absolute": {
      "version": "1.0.1",
      "resolved": "https://registry.npmjs.org/path-is-absolute/-/path-is-absolute-1.0.1.tgz",
      "integrity": "sha1-F0uSaHNVNP+8es5r9TpanhtcX18="
    },
    "pg": {
      "version": "6.0.3",
      "resolved": "https://registry.npmjs.org/pg/-/pg-6.0.3.tgz",
      "integrity": "sha1-cpzlAwarJXnfnQ9hQ5jBSVVpo+I=",
      "requires": {
        "buffer-writer": "1.0.1",
        "packet-reader": "0.2.0",
        "pg-connection-string": "0.1.3",
        "pg-pool": "1.8.0",
        "pg-types": "1.13.0",
        "pgpass": "0.0.6",
        "semver": "4.3.2"
      }
    },
    "pg-connection-string": {
      "version": "0.1.3",
      "resolved": "https://registry.npmjs.org/pg-connection-string/-/pg-connection-string-0.1.3.tgz",
      "integrity": "sha1-2hhHsglA5C7hSSvq9l1J2RskXfc="
    },
    "pg-int8": {
      "version": "1.0.1",
      "resolved": "https://registry.npmjs.org/pg-int8/-/pg-int8-1.0.1.tgz",
      "integrity": "sha512-WCtabS6t3c8SkpDBUlb1kjOs7l66xsGdKpIPZsg4wR+B3+u9UAum2odSsF9tnvxg80h4ZxLWMy4pRjOsFIqQpw=="
    },
    "pg-pool": {
      "version": "1.8.0",
      "resolved": "https://registry.npmjs.org/pg-pool/-/pg-pool-1.8.0.tgz",
      "integrity": "sha1-9+xzgkw3oD8Hb1G/33DjQBR8Tzc=",
      "requires": {
        "generic-pool": "2.4.3",
        "object-assign": "4.1.0"
      }
    },
    "pg-types": {
      "version": "1.13.0",
      "resolved": "https://registry.npmjs.org/pg-types/-/pg-types-1.13.0.tgz",
      "integrity": "sha512-lfKli0Gkl/+za/+b6lzENajczwZHc7D5kiUCZfgm914jipD2kIOIvEkAhZ8GrW3/TUoP9w8FHjwpPObBye5KQQ==",
      "requires": {
        "pg-int8": "1.0.1",
        "postgres-array": "1.0.2",
        "postgres-bytea": "1.0.0",
        "postgres-date": "1.0.3",
        "postgres-interval": "1.1.1"
      }
    },
    "pgpass": {
      "version": "0.0.6",
      "resolved": "https://registry.npmjs.org/pgpass/-/pgpass-0.0.6.tgz",
      "integrity": "sha1-9idiANAXOdoe6mMTi9yjX/S9coA=",
      "requires": {
        "split": "1.0.1"
      }
    },
    "postgres-array": {
      "version": "1.0.2",
      "resolved": "https://registry.npmjs.org/postgres-array/-/postgres-array-1.0.2.tgz",
      "integrity": "sha1-jgsy6wO/d6XAp4UeBEHBaaJWojg="
    },
    "postgres-bytea": {
      "version": "1.0.0",
      "resolved": "https://registry.npmjs.org/postgres-bytea/-/postgres-bytea-1.0.0.tgz",
      "integrity": "sha1-AntTPAqokOJtFy1Hz5zOzFIazTU="
    },
    "postgres-date": {
      "version": "1.0.3",
      "resolved": "https://registry.npmjs.org/postgres-date/-/postgres-date-1.0.3.tgz",
      "integrity": "sha1-4tiXAu/bJY/52c7g/pG9BpdSV6g="
    },
    "postgres-interval": {
      "version": "1.1.1",
      "resolved": "https://registry.npmjs.org/postgres-interval/-/postgres-interval-1.1.1.tgz",
      "integrity": "sha512-OkuCi9t/3CZmeQreutGgx/OVNv9MKHGIT5jH8KldQ4NLYXkvmT9nDVxEuCENlNwhlGPE374oA/xMqn05G49pHA==",
      "requires": {
        "xtend": "4.0.1"
      }
    },
    "process-nextick-args": {
      "version": "2.0.0",
      "resolved": "https://registry.npmjs.org/process-nextick-args/-/process-nextick-args-2.0.0.tgz",
      "integrity": "sha512-MtEC1TqN0EU5nephaJ4rAtThHtC86dNN9qCuEhtshvpVBkAW5ZO7BASN9REnF9eoXGcRub+pFuKEpOHE+HbEMw=="
    },
    "pseudomap": {
      "version": "1.0.2",
      "resolved": "https://registry.npmjs.org/pseudomap/-/pseudomap-1.0.2.tgz",
      "integrity": "sha1-8FKijacOYYkX7wqKw0wa5aaChrM="
    },
    "pump": {
      "version": "2.0.1",
      "resolved": "https://registry.npmjs.org/pump/-/pump-2.0.1.tgz",
      "integrity": "sha512-ruPMNRkN3MHP1cWJc9OWr+T/xDP0jhXYCLfJcBuX54hhfIBnaQmAUMfDcG4DM5UMWByBbJY69QSphm3jtDKIkA==",
      "requires": {
        "end-of-stream": "1.4.1",
        "once": "1.4.0"
      }
    },
    "pumpify": {
      "version": "1.3.6",
      "resolved": "https://registry.npmjs.org/pumpify/-/pumpify-1.3.6.tgz",
      "integrity": "sha512-BurGAcvezsINL5US9T9wGHHcLNrG6MCp//ECtxron3vcR+Rfx5Anqq7HbZXNJvFQli8FGVsWCAvywEJFV5Hx/Q==",
      "requires": {
        "duplexify": "3.5.4",
        "inherits": "2.0.3",
        "pump": "2.0.1"
      }
    },
    "readable-stream": {
      "version": "2.3.5",
      "resolved": "https://registry.npmjs.org/readable-stream/-/readable-stream-2.3.5.tgz",
      "integrity": "sha512-tK0yDhrkygt/knjowCUiWP9YdV7c5R+8cR0r/kt9ZhBU906Fs6RpQJCEilamRJj1Nx2rWI6LkW9gKqjTkshhEw==",
      "requires": {
        "core-util-is": "1.0.2",
        "inherits": "2.0.3",
        "isarray": "1.0.0",
        "process-nextick-args": "2.0.0",
        "safe-buffer": "5.1.1",
        "string_decoder": "1.0.3",
        "util-deprecate": "1.0.2"
      }
    },
    "redis": {
      "version": "2.8.0",
      "resolved": "https://registry.npmjs.org/redis/-/redis-2.8.0.tgz",
      "integrity": "sha512-M1OkonEQwtRmZv4tEWF2VgpG0JWJ8Fv1PhlgT5+B+uNq2cA3Rt1Yt/ryoR+vQNOQcIEgdCdfH0jr3bDpihAw1A==",
      "requires": {
        "double-ended-queue": "2.1.0-0",
        "redis-commands": "1.3.5",
        "redis-parser": "2.6.0"
      }
    },
    "redis-commands": {
      "version": "1.3.5",
      "resolved": "https://registry.npmjs.org/redis-commands/-/redis-commands-1.3.5.tgz",
      "integrity": "sha512-foGF8u6MXGFF++1TZVC6icGXuMYPftKXt1FBT2vrfU9ZATNtZJ8duRC5d1lEfE8hyVe3jhelHGB91oB7I6qLsA=="
    },
    "redis-parser": {
      "version": "2.6.0",
      "resolved": "https://registry.npmjs.org/redis-parser/-/redis-parser-2.6.0.tgz",
      "integrity": "sha1-Uu0J2srBCPGmMcB+m2mUHnoZUEs="
    },
    "repeat-string": {
      "version": "1.6.1",
      "resolved": "https://registry.npmjs.org/repeat-string/-/repeat-string-1.6.1.tgz",
      "integrity": "sha1-jcrkcOHIirwtYA//Sndihtp15jc="
    },
    "retry-as-promised": {
      "version": "2.3.2",
      "resolved": "https://registry.npmjs.org/retry-as-promised/-/retry-as-promised-2.3.2.tgz",
      "integrity": "sha1-zZdO5P2bX+A8vzGHHuSCIcB3N7c=",
      "requires": {
        "bluebird": "3.5.1",
        "debug": "2.6.9"
      }
    },
    "right-align": {
      "version": "0.1.3",
      "resolved": "https://registry.npmjs.org/right-align/-/right-align-0.1.3.tgz",
      "integrity": "sha1-YTObci/mo1FWiSENJOFMlhSGE+8=",
      "optional": true,
      "requires": {
        "align-text": "0.1.4"
      }
    },
    "rimraf": {
      "version": "2.6.2",
      "resolved": "https://registry.npmjs.org/rimraf/-/rimraf-2.6.2.tgz",
      "integrity": "sha512-lreewLK/BlghmxtfH36YYVg1i8IAce4TI7oao75I1g245+6BctqTVQiBP3YUJ9C6DQOXJmkYR9X9fCLtCOJc5w==",
      "requires": {
        "glob": "7.1.2"
      }
    },
    "safe-buffer": {
      "version": "5.1.1",
      "resolved": "https://registry.npmjs.org/safe-buffer/-/safe-buffer-5.1.1.tgz",
      "integrity": "sha512-kKvNJn6Mm93gAczWVJg7wH+wGYWNrDHdWvpUmHyEsgCtIwwo3bqPtV4tR5tuPaUhTOo/kvhVwd8XwwOllGYkbg=="
    },
    "sax": {
      "version": "1.1.5",
      "resolved": "https://registry.npmjs.org/sax/-/sax-1.1.5.tgz",
      "integrity": "sha1-HaUKjQDN7NWUBWWfX/hTSf53N0M="
    },
    "semver": {
      "version": "4.3.2",
      "resolved": "https://registry.npmjs.org/semver/-/semver-4.3.2.tgz",
      "integrity": "sha1-x6BxWKgL7dBSNVt3DYLWZA+AO+c="
    },
    "sequelize": {
      "version": "3.23.6",
      "resolved": "https://registry.npmjs.org/sequelize/-/sequelize-3.23.6.tgz",
      "integrity": "sha1-aHBsrdpcS3zCc67K1+OdY4RVzhY=",
      "requires": {
        "bluebird": "3.5.1",
        "depd": "1.1.2",
        "dottie": "1.1.1",
        "generic-pool": "2.4.2",
        "inflection": "1.12.0",
        "lodash": "4.12.0",
        "moment": "2.21.0",
        "moment-timezone": "0.5.14",
        "node-uuid": "1.4.8",
        "retry-as-promised": "2.3.2",
        "semver": "5.5.0",
        "shimmer": "1.1.0",
        "terraformer-wkt-parser": "1.1.2",
        "toposort-class": "1.0.1",
        "validator": "5.7.0",
        "wkx": "0.2.0"
      },
      "dependencies": {
        "generic-pool": {
          "version": "2.4.2",
          "resolved": "https://registry.npmjs.org/generic-pool/-/generic-pool-2.4.2.tgz",
          "integrity": "sha1-iGvFvwvrfblugby7oHiBjeWmJoM="
        },
        "semver": {
          "version": "5.5.0",
          "resolved": "https://registry.npmjs.org/semver/-/semver-5.5.0.tgz",
          "integrity": "sha512-4SJ3dm0WAwWy/NVeioZh5AntkdJoWKxHxcmyP622fOkgHa4z3R0TdBJICINyaSDE6uNwVc8gZr+ZinwZAH4xIA=="
        }
      }
    },
    "shimmer": {
      "version": "1.1.0",
      "resolved": "https://registry.npmjs.org/shimmer/-/shimmer-1.1.0.tgz",
      "integrity": "sha1-l9c3cTf/u6tCVSLkKf4KqJpIizU="
    },
    "source-map": {
      "version": "0.4.4",
      "resolved": "https://registry.npmjs.org/source-map/-/source-map-0.4.4.tgz",
      "integrity": "sha1-66T12pwNyZneaAMti092FzZSA2s=",
      "requires": {
        "amdefine": "1.0.1"
      }
    },
    "split": {
      "version": "1.0.1",
      "resolved": "https://registry.npmjs.org/split/-/split-1.0.1.tgz",
      "integrity": "sha512-mTyOoPbrivtXnwnIxZRFYRrPNtEFKlpB2fvjSnCQUiAA6qAZzqwna5envK4uk6OIeP17CsdF3rSBGYVBsU0Tkg==",
      "requires": {
        "through": "2.3.8"
      }
    },
    "stream-shift": {
      "version": "1.0.0",
      "resolved": "https://registry.npmjs.org/stream-shift/-/stream-shift-1.0.0.tgz",
      "integrity": "sha1-1cdSgl5TZ+eG944Y5EXqIjoVWVI="
    },
    "string_decoder": {
      "version": "1.0.3",
      "resolved": "https://registry.npmjs.org/string_decoder/-/string_decoder-1.0.3.tgz",
      "integrity": "sha512-4AH6Z5fzNNBcH+6XDMfA/BTt87skxqJlO0lAh3Dker5zThcAxG6mKz+iGu308UKoPPQ8Dcqx/4JhujzltRa+hQ==",
      "requires": {
        "safe-buffer": "5.1.1"
      }
    },
    "terraformer": {
      "version": "1.0.8",
      "resolved": "https://registry.npmjs.org/terraformer/-/terraformer-1.0.8.tgz",
      "integrity": "sha1-UeCtiXRvzyFh3G9lqnDkI3fItZM=",
      "requires": {
        "@types/geojson": "1.0.6"
      }
    },
    "terraformer-wkt-parser": {
      "version": "1.1.2",
      "resolved": "https://registry.npmjs.org/terraformer-wkt-parser/-/terraformer-wkt-parser-1.1.2.tgz",
      "integrity": "sha1-M2oMj8gglKWv+DKI9prt7NNpvww=",
      "requires": {
        "terraformer": "1.0.8"
      }
    },
    "through": {
      "version": "2.3.8",
      "resolved": "https://registry.npmjs.org/through/-/through-2.3.8.tgz",
      "integrity": "sha1-DdTJ/6q8NXlgsbckEV1+Doai4fU="
    },
    "topo": {
      "version": "2.0.2",
      "resolved": "https://registry.npmjs.org/topo/-/topo-2.0.2.tgz",
      "integrity": "sha1-zVYVdSU5BXwNwEkaYhw7xvvh0YI=",
      "requires": {
        "hoek": "4.2.1"
      }
    },
    "toposort-class": {
      "version": "1.0.1",
      "resolved": "https://registry.npmjs.org/toposort-class/-/toposort-class-1.0.1.tgz",
      "integrity": "sha1-f/0feMi+KMO6Rc1OGj9e4ZO9mYg="
    },
    "uglify-js": {
      "version": "2.8.29",
      "resolved": "https://registry.npmjs.org/uglify-js/-/uglify-js-2.8.29.tgz",
      "integrity": "sha1-KcVzMUgFe7Th913zW3qcty5qWd0=",
      "optional": true,
      "requires": {
        "source-map": "0.5.7",
        "uglify-to-browserify": "1.0.2",
        "yargs": "3.10.0"
      },
      "dependencies": {
        "source-map": {
          "version": "0.5.7",
          "resolved": "https://registry.npmjs.org/source-map/-/source-map-0.5.7.tgz",
          "integrity": "sha1-igOdLRAh0i0eoUyA2OpGi6LvP8w=",
          "optional": true
        }
      }
    },
    "uglify-to-browserify": {
      "version": "1.0.2",
      "resolved": "https://registry.npmjs.org/uglify-to-browserify/-/uglify-to-browserify-1.0.2.tgz",
      "integrity": "sha1-bgkk1r2mta/jSeOabWMoUKD4grc=",
      "optional": true
    },
    "util-deprecate": {
      "version": "1.0.2",
      "resolved": "https://registry.npmjs.org/util-deprecate/-/util-deprecate-1.0.2.tgz",
      "integrity": "sha1-RQ1Nyfpw3nMnYvvS1KKJgUGaDM8="
    },
    "validator": {
      "version": "5.7.0",
      "resolved": "https://registry.npmjs.org/validator/-/validator-5.7.0.tgz",
      "integrity": "sha1-eoelgUa2laxIYHEUHAxJ1n2gXlw="
    },
    "vision": {
      "version": "4.1.0",
      "resolved": "https://registry.npmjs.org/vision/-/vision-4.1.0.tgz",
      "integrity": "sha1-wMSckodCPPz32+31GuamewZcauc=",
      "requires": {
        "boom": "3.1.3",
        "hoek": "3.0.4",
        "items": "2.1.1",
        "joi": "8.1.0"
      },
      "dependencies": {
        "hoek": {
          "version": "3.0.4",
          "resolved": "https://registry.npmjs.org/hoek/-/hoek-3.0.4.tgz",
          "integrity": "sha1-Jorf9mu2aVxptHiaiLHghHw/MSM="
        }
      }
    },
    "window-size": {
      "version": "0.1.0",
      "resolved": "https://registry.npmjs.org/window-size/-/window-size-0.1.0.tgz",
      "integrity": "sha1-VDjNLqk7IC76Ohn+iIeu58lPnJ0=",
      "optional": true
    },
    "wkx": {
      "version": "0.2.0",
      "resolved": "https://registry.npmjs.org/wkx/-/wkx-0.2.0.tgz",
      "integrity": "sha1-dsJPFqzQzY+TzTSqMx4PeWElboQ="
    },
    "wordwrap": {
      "version": "0.0.3",
      "resolved": "https://registry.npmjs.org/wordwrap/-/wordwrap-0.0.3.tgz",
      "integrity": "sha1-o9XabNXAvAAI03I0u68b7WMFkQc="
    },
    "wrappy": {
      "version": "1.0.2",
      "resolved": "https://registry.npmjs.org/wrappy/-/wrappy-1.0.2.tgz",
      "integrity": "sha1-tSQ9jz7BqjXxNkYFvA0QNuMKtp8="
    },
    "xml2js": {
      "version": "0.4.15",
      "resolved": "https://registry.npmjs.org/xml2js/-/xml2js-0.4.15.tgz",
      "integrity": "sha1-lc0D/y3RROwovGJzvysokMWBrQw=",
      "requires": {
        "sax": "1.1.5",
        "xmlbuilder": "2.6.2"
      }
    },
    "xmlbuilder": {
      "version": "2.6.2",
      "resolved": "https://registry.npmjs.org/xmlbuilder/-/xmlbuilder-2.6.2.tgz",
      "integrity": "sha1-+Rb20Q1F3BcbG+Lm5nP7bgzDXQo=",
      "requires": {
        "lodash": "3.5.0"
      },
      "dependencies": {
        "lodash": {
          "version": "3.5.0",
          "resolved": "https://registry.npmjs.org/lodash/-/lodash-3.5.0.tgz",
          "integrity": "sha1-Gbs/TVEnjwuMgY7RRcdOz5/kDm0="
        }
      }
    },
    "xtend": {
      "version": "4.0.1",
      "resolved": "https://registry.npmjs.org/xtend/-/xtend-4.0.1.tgz",
      "integrity": "sha1-pcbVMr5lbiPbgg77lDofBJmNY68="
    },
    "yallist": {
      "version": "2.1.2",
      "resolved": "https://registry.npmjs.org/yallist/-/yallist-2.1.2.tgz",
      "integrity": "sha1-HBH5IY8HYImkfdUS+TxmmaaoHVI="
    },
    "yargs": {
      "version": "3.10.0",
      "resolved": "https://registry.npmjs.org/yargs/-/yargs-3.10.0.tgz",
      "integrity": "sha1-9+572FfdfB0tOMDnTvvWgdFDH9E=",
      "optional": true,
      "requires": {
        "camelcase": "1.2.1",
        "cliui": "2.1.0",
        "decamelize": "1.2.0",
        "window-size": "0.1.0"
      }
    }
  }
}
